
Microsoft Visual Studio Solution File, Format Version 11.00
# Visual Studio 2010
Project("{FAE04EC0-301F-11D3-BF4B-00C04F79EFBC}") = "PGtksuma", "PGtksuma\PGtksuma.csproj", "{D783D592-91CA-450C-B39E-803F78505AC7}"
EndProject
Global
	GlobalSection(SolutionConfigurationPlatforms) = preSolution
		Debug|x86 = Debug|x86
		Release|x86 = Release|x86
	EndGlobalSection
	GlobalSection(ProjectConfigurationPlatforms) = postSolution
		{D783D592-91CA-450C-B39E-803F78505AC7}.Debug|x86.ActiveCfg = Debug|x86
		{D783D592-91CA-450C-B39E-803F78505AC7}.Debug|x86.Build.0 = Debug|x86
		{D783D592-91CA-450C-B39E-803F78505AC7}.Release|x86.ActiveCfg = Release|x86
		{D783D592-91CA-450C-B39E-803F78505AC7}.Release|x86.Build.0 = Release|x86
	EndGlobalSection
	GlobalSection(MonoDevelopProperties) = preSolution
		StartupItem = PGtksuma\PGtksuma.csproj
	EndGlobalSection
EndGlobal
